
Microsoft Visual Studio Solution File, Format Version 12.00
# Visual Studio Version 17
VisualStudioVersion = 17.13.35931.197 d17.13
MinimumVisualStudioVersion = 10.0.40219.1
Project("{FAE04EC0-301F-11D3-BF4B-00C04F79EFBC}") = "OTP-Verification-Project", "OTP-Verification-Project\OTP-Verification-Project.csproj", "{3FD2319F-EB80-464E-9F62-30FAD8F3EA84}"
EndProject
Global
	GlobalSection(SolutionConfigurationPlatforms) = preSolution
		Debug|Any CPU = Debug|Any CPU
		Release|Any CPU = Release|Any CPU
	EndGlobalSection
	GlobalSection(ProjectConfigurationPlatforms) = postSolution
		{3FD2319F-EB80-464E-9F62-30FAD8F3EA84}.Debug|Any CPU.ActiveCfg = Debug|Any CPU
		{3FD2319F-EB80-464E-9F62-30FAD8F3EA84}.Debug|Any CPU.Build.0 = Debug|Any CPU
		{3FD2319F-EB80-464E-9F62-30FAD8F3EA84}.Release|Any CPU.ActiveCfg = Release|Any CPU
		{3FD2319F-EB80-464E-9F62-30FAD8F3EA84}.Release|Any CPU.Build.0 = Release|Any CPU
	EndGlobalSection
	GlobalSection(SolutionProperties) = preSolution
		HideSolutionNode = FALSE
	EndGlobalSection
	GlobalSection(ExtensibilityGlobals) = postSolution
		SolutionGuid = {192D6E41-9570-4264-9DEC-8D9C3A0EC1F7}
	EndGlobalSection
EndGlobal
